
Microsoft Visual Studio Solution File, Format Version 12.00
# Visual Studio Version 16
VisualStudioVersion = 16.0.30621.155
MinimumVisualStudioVersion = 10.0.40219.1
Project("{FAE04EC0-301F-11D3-BF4B-00C04F79EFBC}") = "Ciklai7tema", "Ciklai7tema.csproj", "{BF43D85C-9122-4EDD-A401-1A1841C11842}"
EndProject
Global
	GlobalSection(SolutionConfigurationPlatforms) = preSolution
		Debug|Any CPU = Debug|Any CPU
		Release|Any CPU = Release|Any CPU
	EndGlobalSection
	GlobalSection(ProjectConfigurationPlatforms) = postSolution
		{BF43D85C-9122-4EDD-A401-1A1841C11842}.Debug|Any CPU.ActiveCfg = Debug|Any CPU
		{BF43D85C-9122-4EDD-A401-1A1841C11842}.Debug|Any CPU.Build.0 = Debug|Any CPU
		{BF43D85C-9122-4EDD-A401-1A1841C11842}.Release|Any CPU.ActiveCfg = Release|Any CPU
		{BF43D85C-9122-4EDD-A401-1A1841C11842}.Release|Any CPU.Build.0 = Release|Any CPU
	EndGlobalSection
	GlobalSection(SolutionProperties) = preSolution
		HideSolutionNode = FALSE
	EndGlobalSection
	GlobalSection(ExtensibilityGlobals) = postSolution
		SolutionGuid = {8684E656-8B98-49CC-B547-44C624852D32}
	EndGlobalSection
EndGlobal
